
Microsoft Visual Studio Solution File, Format Version 12.00
# Visual Studio Version 16
VisualStudioVersion = 16.0.30711.63
MinimumVisualStudioVersion = 15.0.26124.0
Project("{9A19103F-16F7-4668-BE54-9A1E7A4F7556}") = "SportsStore", "SportsStore\SportsStore.csproj", "{4A821873-B28D-403B-B5EB-E3BEFD384460}"
EndProject
Project("{9A19103F-16F7-4668-BE54-9A1E7A4F7556}") = "SportsStore.Tests", "SportsStore.Tests\SportsStore.Tests.csproj", "{C5CD5A0A-E08A-4778-85B1-AC81FF1AE16A}"
EndProject
Global
	GlobalSection(SolutionConfigurationPlatforms) = preSolution
		Debug|Any CPU = Debug|Any CPU
		Debug|x64 = Debug|x64
		Debug|x86 = Debug|x86
		Release|Any CPU = Release|Any CPU
		Release|x64 = Release|x64
		Release|x86 = Release|x86
	EndGlobalSection
	GlobalSection(ProjectConfigurationPlatforms) = postSolution
		{4A821873-B28D-403B-B5EB-E3BEFD384460}.Debug|Any CPU.ActiveCfg = Debug|Any CPU
		{4A821873-B28D-403B-B5EB-E3BEFD384460}.Debug|Any CPU.Build.0 = Debug|Any CPU
		{4A821873-B28D-403B-B5EB-E3BEFD384460}.Debug|x64.ActiveCfg = Debug|Any CPU
		{4A821873-B28D-403B-B5EB-E3BEFD384460}.Debug|x64.Build.0 = Debug|Any CPU
		{4A821873-B28D-403B-B5EB-E3BEFD384460}.Debug|x86.ActiveCfg = Debug|Any CPU
		{4A821873-B28D-403B-B5EB-E3BEFD384460}.Debug|x86.Build.0 = Debug|Any CPU
		{4A821873-B28D-403B-B5EB-E3BEFD384460}.Release|Any CPU.ActiveCfg = Release|Any CPU
		{4A821873-B28D-403B-B5EB-E3BEFD384460}.Release|Any CPU.Build.0 = Release|Any CPU
		{4A821873-B28D-403B-B5EB-E3BEFD384460}.Release|x64.ActiveCfg = Release|Any CPU
		{4A821873-B28D-403B-B5EB-E3BEFD384460}.Release|x64.Build.0 = Release|Any CPU
		{4A821873-B28D-403B-B5EB-E3BEFD384460}.Release|x86.ActiveCfg = Release|Any CPU
		{4A821873-B28D-403B-B5EB-E3BEFD384460}.Release|x86.Build.0 = Release|Any CPU
		{C5CD5A0A-E08A-4778-85B1-AC81FF1AE16A}.Debug|Any CPU.ActiveCfg = Debug|Any CPU
		{C5CD5A0A-E08A-4778-85B1-AC81FF1AE16A}.Debug|Any CPU.Build.0 = Debug|Any CPU
		{C5CD5A0A-E08A-4778-85B1-AC81FF1AE16A}.Debug|x64.ActiveCfg = Debug|Any CPU
		{C5CD5A0A-E08A-4778-85B1-AC81FF1AE16A}.Debug|x64.Build.0 = Debug|Any CPU
		{C5CD5A0A-E08A-4778-85B1-AC81FF1AE16A}.Debug|x86.ActiveCfg = Debug|Any CPU
		{C5CD5A0A-E08A-4778-85B1-AC81FF1AE16A}.Debug|x86.Build.0 = Debug|Any CPU
		{C5CD5A0A-E08A-4778-85B1-AC81FF1AE16A}.Release|Any CPU.ActiveCfg = Release|Any CPU
		{C5CD5A0A-E08A-4778-85B1-AC81FF1AE16A}.Release|Any CPU.Build.0 = Release|Any CPU
		{C5CD5A0A-E08A-4778-85B1-AC81FF1AE16A}.Release|x64.ActiveCfg = Release|Any CPU
		{C5CD5A0A-E08A-4778-85B1-AC81FF1AE16A}.Release|x64.Build.0 = Release|Any CPU
		{C5CD5A0A-E08A-4778-85B1-AC81FF1AE16A}.Release|x86.ActiveCfg = Release|Any CPU
		{C5CD5A0A-E08A-4778-85B1-AC81FF1AE16A}.Release|x86.Build.0 = Release|Any CPU
	EndGlobalSection
	GlobalSection(SolutionProperties) = preSolution
		HideSolutionNode = FALSE
	EndGlobalSection
	GlobalSection(ExtensibilityGlobals) = postSolution
		SolutionGuid = {02BE3986-EC58-495A-B2E7-AF05FF67FB64}
	EndGlobalSection
EndGlobal
